
Microsoft Visual Studio Solution File, Format Version 12.00
# Visual Studio Version 16
VisualStudioVersion = 16.0.29519.181
MinimumVisualStudioVersion = 10.0.40219.1
Project("{FAE04EC0-301F-11D3-BF4B-00C04F79EFBC}") = "Advent6", "Advent6.csproj", "{2B83C848-C340-4133-901D-BF80AD603D28}"
EndProject
Global
	GlobalSection(SolutionConfigurationPlatforms) = preSolution
		Debug|Any CPU = Debug|Any CPU
		Release|Any CPU = Release|Any CPU
	EndGlobalSection
	GlobalSection(ProjectConfigurationPlatforms) = postSolution
		{2B83C848-C340-4133-901D-BF80AD603D28}.Debug|Any CPU.ActiveCfg = Debug|Any CPU
		{2B83C848-C340-4133-901D-BF80AD603D28}.Debug|Any CPU.Build.0 = Debug|Any CPU
		{2B83C848-C340-4133-901D-BF80AD603D28}.Release|Any CPU.ActiveCfg = Release|Any CPU
		{2B83C848-C340-4133-901D-BF80AD603D28}.Release|Any CPU.Build.0 = Release|Any CPU
	EndGlobalSection
	GlobalSection(SolutionProperties) = preSolution
		HideSolutionNode = FALSE
	EndGlobalSection
	GlobalSection(ExtensibilityGlobals) = postSolution
		SolutionGuid = {D62F75CD-FEF9-42D5-A16C-33498B1979E4}
	EndGlobalSection
EndGlobal
