
Microsoft Visual Studio Solution File, Format Version 12.00
# Visual Studio Version 16
VisualStudioVersion = 16.0.29519.181
MinimumVisualStudioVersion = 10.0.40219.1
Project("{FAE04EC0-301F-11D3-BF4B-00C04F79EFBC}") = "Advent7", "Advent7.csproj", "{0E5B3132-C001-4787-B3AB-5065703B5D30}"
EndProject
Global
	GlobalSection(SolutionConfigurationPlatforms) = preSolution
		Debug|Any CPU = Debug|Any CPU
		Release|Any CPU = Release|Any CPU
	EndGlobalSection
	GlobalSection(ProjectConfigurationPlatforms) = postSolution
		{0E5B3132-C001-4787-B3AB-5065703B5D30}.Debug|Any CPU.ActiveCfg = Debug|Any CPU
		{0E5B3132-C001-4787-B3AB-5065703B5D30}.Debug|Any CPU.Build.0 = Debug|Any CPU
		{0E5B3132-C001-4787-B3AB-5065703B5D30}.Release|Any CPU.ActiveCfg = Release|Any CPU
		{0E5B3132-C001-4787-B3AB-5065703B5D30}.Release|Any CPU.Build.0 = Release|Any CPU
	EndGlobalSection
	GlobalSection(SolutionProperties) = preSolution
		HideSolutionNode = FALSE
	EndGlobalSection
	GlobalSection(ExtensibilityGlobals) = postSolution
		SolutionGuid = {F94258CB-0E6B-470A-A182-6BB3760DB812}
	EndGlobalSection
EndGlobal
