
Microsoft Visual Studio Solution File, Format Version 12.00
# Visual Studio Version 16
VisualStudioVersion = 16.0.29519.87
MinimumVisualStudioVersion = 10.0.40219.1
Project("{FAE04EC0-301F-11D3-BF4B-00C04F79EFBC}") = "Advent1", "Advent1.csproj", "{4C0E9227-6E83-4D05-B24F-B66277290826}"
EndProject
Global
	GlobalSection(SolutionConfigurationPlatforms) = preSolution
		Debug|Any CPU = Debug|Any CPU
		Release|Any CPU = Release|Any CPU
	EndGlobalSection
	GlobalSection(ProjectConfigurationPlatforms) = postSolution
		{4C0E9227-6E83-4D05-B24F-B66277290826}.Debug|Any CPU.ActiveCfg = Debug|Any CPU
		{4C0E9227-6E83-4D05-B24F-B66277290826}.Debug|Any CPU.Build.0 = Debug|Any CPU
		{4C0E9227-6E83-4D05-B24F-B66277290826}.Release|Any CPU.ActiveCfg = Release|Any CPU
		{4C0E9227-6E83-4D05-B24F-B66277290826}.Release|Any CPU.Build.0 = Release|Any CPU
	EndGlobalSection
	GlobalSection(SolutionProperties) = preSolution
		HideSolutionNode = FALSE
	EndGlobalSection
	GlobalSection(ExtensibilityGlobals) = postSolution
		SolutionGuid = {2B8329D9-C625-4F35-9F1A-90DEE5CE8334}
	EndGlobalSection
EndGlobal
