
Microsoft Visual Studio Solution File, Format Version 12.00
# Visual Studio Version 16
VisualStudioVersion = 16.0.29519.87
MinimumVisualStudioVersion = 10.0.40219.1
Project("{FAE04EC0-301F-11D3-BF4B-00C04F79EFBC}") = "Advent5", "Advent5.csproj", "{BA4ABD98-3732-437B-B74C-2C06D1709E4B}"
EndProject
Global
	GlobalSection(SolutionConfigurationPlatforms) = preSolution
		Debug|Any CPU = Debug|Any CPU
		Release|Any CPU = Release|Any CPU
	EndGlobalSection
	GlobalSection(ProjectConfigurationPlatforms) = postSolution
		{BA4ABD98-3732-437B-B74C-2C06D1709E4B}.Debug|Any CPU.ActiveCfg = Debug|Any CPU
		{BA4ABD98-3732-437B-B74C-2C06D1709E4B}.Debug|Any CPU.Build.0 = Debug|Any CPU
		{BA4ABD98-3732-437B-B74C-2C06D1709E4B}.Release|Any CPU.ActiveCfg = Release|Any CPU
		{BA4ABD98-3732-437B-B74C-2C06D1709E4B}.Release|Any CPU.Build.0 = Release|Any CPU
	EndGlobalSection
	GlobalSection(SolutionProperties) = preSolution
		HideSolutionNode = FALSE
	EndGlobalSection
	GlobalSection(ExtensibilityGlobals) = postSolution
		SolutionGuid = {E60C7231-FA1D-4E31-8243-92F31F331428}
	EndGlobalSection
EndGlobal
